
Microsoft Visual Studio Solution File, Format Version 11.00
# Visual C# Express 2010
Project("{FAE04EC0-301F-11D3-BF4B-00C04F79EFBC}") = "MapCreater01", "MapCreater01\MapCreater01.csproj", "{EB10A17B-D452-4A99-AC6D-6FE5BF1D4E72}"
EndProject
Global
	GlobalSection(SolutionConfigurationPlatforms) = preSolution
		Debug|x86 = Debug|x86
		Release|x86 = Release|x86
	EndGlobalSection
	GlobalSection(ProjectConfigurationPlatforms) = postSolution
		{EB10A17B-D452-4A99-AC6D-6FE5BF1D4E72}.Debug|x86.ActiveCfg = Debug|x86
		{EB10A17B-D452-4A99-AC6D-6FE5BF1D4E72}.Debug|x86.Build.0 = Debug|x86
		{EB10A17B-D452-4A99-AC6D-6FE5BF1D4E72}.Release|x86.ActiveCfg = Release|x86
		{EB10A17B-D452-4A99-AC6D-6FE5BF1D4E72}.Release|x86.Build.0 = Release|x86
	EndGlobalSection
	GlobalSection(SolutionProperties) = preSolution
		HideSolutionNode = FALSE
	EndGlobalSection
EndGlobal
